
Microsoft Visual Studio Solution File, Format Version 12.00
# Visual Studio Version 17
VisualStudioVersion = 17.1.32414.318
MinimumVisualStudioVersion = 10.0.40219.1
Project("{FAE04EC0-301F-11D3-BF4B-00C04F79EFBC}") = "LocalDeportivo", "LocalDeportivo\LocalDeportivo.csproj", "{0B966C83-3674-40D0-840B-E6096188767E}"
EndProject
Global
	GlobalSection(SolutionConfigurationPlatforms) = preSolution
		Debug|Any CPU = Debug|Any CPU
		Release|Any CPU = Release|Any CPU
	EndGlobalSection
	GlobalSection(ProjectConfigurationPlatforms) = postSolution
		{0B966C83-3674-40D0-840B-E6096188767E}.Debug|Any CPU.ActiveCfg = Debug|Any CPU
		{0B966C83-3674-40D0-840B-E6096188767E}.Debug|Any CPU.Build.0 = Debug|Any CPU
		{0B966C83-3674-40D0-840B-E6096188767E}.Release|Any CPU.ActiveCfg = Release|Any CPU
		{0B966C83-3674-40D0-840B-E6096188767E}.Release|Any CPU.Build.0 = Release|Any CPU
	EndGlobalSection
	GlobalSection(SolutionProperties) = preSolution
		HideSolutionNode = FALSE
	EndGlobalSection
	GlobalSection(ExtensibilityGlobals) = postSolution
		SolutionGuid = {DD1D89CB-BE10-4145-819B-49FE4EFA7696}
	EndGlobalSection
EndGlobal
